// !$*UTF8*$!
{
	archiveVersion = 1;
	classes = {
	};
	objectVersion = 56;
	objects = {

/* Begin PBXBuildFile section */
		507B6A6F2A0E2CE1009C571B /* AppDelegate.swift in Sources */ = {isa = PBXBuildFile; fileRef = 507B6A6E2A0E2CE1009C571B /* AppDelegate.swift */; };
		507B6A712A0E2CE1009C571B /* SceneDelegate.swift in Sources */ = {isa = PBXBuildFile; fileRef = 507B6A702A0E2CE1009C571B /* SceneDelegate.swift */; };
		507B6A732A0E2CE1009C571B /* TableViewController.swift in Sources */ = {isa = PBXBuildFile; fileRef = 507B6A722A0E2CE1009C571B /* TableViewController.swift */; };
		507B6A762A0E2CE1009C571B /* Main.storyboard in Resources */ = {isa = PBXBuildFile; fileRef = 507B6A742A0E2CE1009C571B /* Main.storyboard */; };
		507B6A782A0E2CE4009C571B /* Assets.xcassets in Resources */ = {isa = PBXBuildFile; fileRef = 507B6A772A0E2CE4009C571B /* Assets.xcassets */; };
		507B6A7B2A0E2CE4009C571B /* LaunchScreen.storyboard in Resources */ = {isa = PBXBuildFile; fileRef = 507B6A792A0E2CE4009C571B /* LaunchScreen.storyboard */; };
		507B6A862A0E2FD9009C571B /* CustomTableViewCell.swift in Sources */ = {isa = PBXBuildFile; fileRef = 507B6A852A0E2FD9009C571B /* CustomTableViewCell.swift */; };
		F6A5A18DCBFCFA024790AC4A /* Pods_CustomCells.framework in Frameworks */ = {isa = PBXBuildFile; fileRef = 0A291A87145BF032D6D193F3 /* Pods_CustomCells.framework */; };
/* End PBXBuildFile section */

/* Begin PBXFileReference section */
		0A291A87145BF032D6D193F3 /* Pods_CustomCells.framework */ = {isa = PBXFileReference; explicitFileType = wrapper.framework; includeInIndex = 0; path = Pods_CustomCells.framework; sourceTree = BUILT_PRODUCTS_DIR; };
		1B6C305D39B19CF594C54FC7 /* Pods-CustomCells.release.xcconfig */ = {isa = PBXFileReference; includeInIndex = 1; lastKnownFileType = text.xcconfig; name = "Pods-CustomCells.release.xcconfig"; path = "Target Support Files/Pods-CustomCells/Pods-CustomCells.release.xcconfig"; sourceTree = "<group>"; };
		507B6A6B2A0E2CE1009C571B /* CustomCells.app */ = {isa = PBXFileReference; explicitFileType = wrapper.application; includeInIndex = 0; path = CustomCells.app; sourceTree = BUILT_PRODUCTS_DIR; };
		507B6A6E2A0E2CE1009C571B /* AppDelegate.swift */ = {isa = PBXFileReference; lastKnownFileType = sourcecode.swift; path = AppDelegate.swift; sourceTree = "<group>"; };
		507B6A702A0E2CE1009C571B /* SceneDelegate.swift */ = {isa = PBXFileReference; lastKnownFileType = sourcecode.swift; path = SceneDelegate.swift; sourceTree = "<group>"; };
		507B6A722A0E2CE1009C571B /* TableViewController.swift */ = {isa = PBXFileReference; lastKnownFileType = sourcecode.swift; path = TableViewController.swift; sourceTree = "<group>"; };
		507B6A752A0E2CE1009C571B /* Base */ = {isa = PBXFileReference; lastKnownFileType = file.storyboard; name = Base; path = Base.lproj/Main.storyboard; sourceTree = "<group>"; };
		507B6A772A0E2CE4009C571B /* Assets.xcassets */ = {isa = PBXFileReference; lastKnownFileType = folder.assetcatalog; path = Assets.xcassets; sourceTree = "<group>"; };
		507B6A7A2A0E2CE4009C571B /* Base */ = {isa = PBXFileReference; lastKnownFileType = file.storyboard; name = Base; path = Base.lproj/LaunchScreen.storyboard; sourceTree = "<group>"; };
		507B6A7C2A0E2CE4009C571B /* Info.plist */ = {isa = PBXFileReference; lastKnownFileType = text.plist.xml; path = Info.plist; sourceTree = "<group>"; };
		507B6A852A0E2FD9009C571B /* CustomTableViewCell.swift */ = {isa = PBXFileReference; lastKnownFileType = sourcecode.swift; path = CustomTableViewCell.swift; sourceTree = "<group>"; };
		FAC69F50284F6E711D0FBCBE /* Pods-CustomCells.debug.xcconfig */ = {isa = PBXFileReference; includeInIndex = 1; lastKnownFileType = text.xcconfig; name = "Pods-CustomCells.debug.xcconfig"; path = "Target Support Files/Pods-CustomCells/Pods-CustomCells.debug.xcconfig"; sourceTree = "<group>"; };
/* End PBXFileReference section */

/* Begin PBXFrameworksBuildPhase section */
		507B6A682A0E2CE1009C571B /* Frameworks */ = {
			isa = PBXFrameworksBuildPhase;
			buildActionMask = 2147483647;
			files = (
				F6A5A18DCBFCFA024790AC4A /* Pods_CustomCells.framework in Frameworks */,
			);
			runOnlyForDeploymentPostprocessing = 0;
		};
/* End PBXFrameworksBuildPhase section */

/* Begin PBXGroup section */
		3C7288EA39D9CA5A1B429276 /* Pods */ = {
			isa = PBXGroup;
			children = (
				FAC69F50284F6E711D0FBCBE /* Pods-CustomCells.debug.xcconfig */,
				1B6C305D39B19CF594C54FC7 /* Pods-CustomCells.release.xcconfig */,
			);
			path = Pods;
			sourceTree = "<group>";
		};
		507B6A622A0E2CE1009C571B = {
			isa = PBXGroup;
			children = (
				507B6A6D2A0E2CE1009C571B /* CustomCells */,
				507B6A6C2A0E2CE1009C571B /* Products */,
				3C7288EA39D9CA5A1B429276 /* Pods */,
				94DBA42EE5393AE0B0809E51 /* Frameworks */,
			);
			sourceTree = "<group>";
		};
		507B6A6C2A0E2CE1009C571B /* Products */ = {
			isa = PBXGroup;
			children = (
				507B6A6B2A0E2CE1009C571B /* CustomCells.app */,
			);
			name = Products;
			sourceTree = "<group>";
		};
		507B6A6D2A0E2CE1009C571B /* CustomCells */ = {
			isa = PBXGroup;
			children = (
				507B6A842A0E2FC1009C571B /* Views */,
				507B6A822A0E2CF0009C571B /* Supporting Files */,
				507B6A832A0E2CFE009C571B /* Controllers */,
				507B6A772A0E2CE4009C571B /* Assets.xcassets */,
				507B6A7C2A0E2CE4009C571B /* Info.plist */,
			);
			path = CustomCells;
			sourceTree = "<group>";
		};
		507B6A822A0E2CF0009C571B /* Supporting Files */ = {
			isa = PBXGroup;
			children = (
				507B6A6E2A0E2CE1009C571B /* AppDelegate.swift */,
				507B6A702A0E2CE1009C571B /* SceneDelegate.swift */,
				507B6A742A0E2CE1009C571B /* Main.storyboard */,
				507B6A792A0E2CE4009C571B /* LaunchScreen.storyboard */,
			);
			path = "Supporting Files";
			sourceTree = "<group>";
		};
		507B6A832A0E2CFE009C571B /* Controllers */ = {
			isa = PBXGroup;
			children = (
				507B6A722A0E2CE1009C571B /* TableViewController.swift */,
			);
			path = Controllers;
			sourceTree = "<group>";
		};
		507B6A842A0E2FC1009C571B /* Views */ = {
			isa = PBXGroup;
			children = (
				507B6A852A0E2FD9009C571B /* CustomTableViewCell.swift */,
			);
			path = Views;
			sourceTree = "<group>";
		};
		94DBA42EE5393AE0B0809E51 /* Frameworks */ = {
			isa = PBXGroup;
			children = (
				0A291A87145BF032D6D193F3 /* Pods_CustomCells.framework */,
			);
			name = Frameworks;
			sourceTree = "<group>";
		};
/* End PBXGroup section */

/* Begin PBXNativeTarget section */
		507B6A6A2A0E2CE1009C571B /* CustomCells */ = {
			isa = PBXNativeTarget;
			buildConfigurationList = 507B6A7F2A0E2CE4009C571B /* Build configuration list for PBXNativeTarget "CustomCells" */;
			buildPhases = (
				93E398BD2770C15C324826FB /* [CP] Check Pods Manifest.lock */,
				507B6A672A0E2CE1009C571B /* Sources */,
				507B6A682A0E2CE1009C571B /* Frameworks */,
				507B6A692A0E2CE1009C571B /* Resources */,
				261A3D23E3E7E18C109262CF /* [CP] Embed Pods Frameworks */,
			);
			buildRules = (
			);
			dependencies = (
			);
			name = CustomCells;
			productName = CustomCells;
			productReference = 507B6A6B2A0E2CE1009C571B /* CustomCells.app */;
			productType = "com.apple.product-type.application";
		};
/* End PBXNativeTarget section */

/* Begin PBXProject section */
		507B6A632A0E2CE1009C571B /* Project object */ = {
			isa = PBXProject;
			attributes = {
				BuildIndependentTargetsInParallel = 1;
				LastSwiftUpdateCheck = 1430;
				LastUpgradeCheck = 1430;
				TargetAttributes = {
					507B6A6A2A0E2CE1009C571B = {
						CreatedOnToolsVersion = 14.3;
					};
				};
			};
			buildConfigurationList = 507B6A662A0E2CE1009C571B /* Build configuration list for PBXProject "CustomCells" */;
			compatibilityVersion = "Xcode 14.0";
			developmentRegion = en;
			hasScannedForEncodings = 0;
			knownRegions = (
				en,
				Base,
			);
			mainGroup = 507B6A622A0E2CE1009C571B;
			productRefGroup = 507B6A6C2A0E2CE1009C571B /* Products */;
			projectDirPath = "";
			projectRoot = "";
			targets = (
				507B6A6A2A0E2CE1009C571B /* CustomCells */,
			);
		};
/* End PBXProject section */

/* Begin PBXResourcesBuildPhase section */
		507B6A692A0E2CE1009C571B /* Resources */ = {
			isa = PBXResourcesBuildPhase;
			buildActionMask = 2147483647;
			files = (
				507B6A7B2A0E2CE4009C571B /* LaunchScreen.storyboard in Resources */,
				507B6A782A0E2CE4009C571B /* Assets.xcassets in Resources */,
				507B6A762A0E2CE1009C571B /* Main.storyboard in Resources */,
			);
			runOnlyForDeploymentPostprocessing = 0;
		};
/* End PBXResourcesBuildPhase section */

/* Begin PBXShellScriptBuildPhase section */
		261A3D23E3E7E18C109262CF /* [CP] Embed Pods Frameworks */ = {
			isa = PBXShellScriptBuildPhase;
			buildActionMask = 2147483647;
			files = (
			);
			inputFileListPaths = (
				"${PODS_ROOT}/Target Support Files/Pods-CustomCells/Pods-CustomCells-frameworks-${CONFIGURATION}-input-files.xcfilelist",
			);
			name = "[CP] Embed Pods Frameworks";
			outputFileListPaths = (
				"${PODS_ROOT}/Target Support Files/Pods-CustomCells/Pods-CustomCells-frameworks-${CONFIGURATION}-output-files.xcfilelist",
			);
			runOnlyForDeploymentPostprocessing = 0;
			shellPath = /bin/sh;
			shellScript = "\"${PODS_ROOT}/Target Support Files/Pods-CustomCells/Pods-CustomCells-frameworks.sh\"\n";
			showEnvVarsInLog = 0;
		};
		93E398BD2770C15C324826FB /* [CP] Check Pods Manifest.lock */ = {
			isa = PBXShellScriptBuildPhase;
			buildActionMask = 2147483647;
			files = (
			);
			inputFileListPaths = (
			);
			inputPaths = (
				"${PODS_PODFILE_DIR_PATH}/Podfile.lock",
				"${PODS_ROOT}/Manifest.lock",
			);
			name = "[CP] Check Pods Manifest.lock";
			outputFileListPaths = (
			);
			outputPaths = (
				"$(DERIVED_FILE_DIR)/Pods-CustomCells-checkManifestLockResult.txt",
			);
			runOnlyForDeploymentPostprocessing = 0;
			shellPath = /bin/sh;
			shellScript = "diff \"${PODS_PODFILE_DIR_PATH}/Podfile.lock\" \"${PODS_ROOT}/Manifest.lock\" > /dev/null\nif [ $? != 0 ] ; then\n    # print error to STDERR\n    echo \"error: The sandbox is not in sync with the Podfile.lock. Run 'pod install' or update your CocoaPods installation.\" >&2\n    exit 1\nfi\n# This output is used by Xcode 'outputs' to avoid re-running this script phase.\necho \"SUCCESS\" > \"${SCRIPT_OUTPUT_FILE_0}\"\n";
			showEnvVarsInLog = 0;
		};
/* End PBXShellScriptBuildPhase section */

/* Begin PBXSourcesBuildPhase section */
		507B6A672A0E2CE1009C571B /* Sources */ = {
			isa = PBXSourcesBuildPhase;
			buildActionMask = 2147483647;
			files = (
				507B6A732A0E2CE1009C571B /* TableViewController.swift in Sources */,
				507B6A6F2A0E2CE1009C571B /* AppDelegate.swift in Sources */,
				507B6A862A0E2FD9009C571B /* CustomTableViewCell.swift in Sources */,
				507B6A712A0E2CE1009C571B /* SceneDelegate.swift in Sources */,
			);
			runOnlyForDeploymentPostprocessing = 0;
		};
/* End PBXSourcesBuildPhase section */

/* Begin PBXVariantGroup section */
		507B6A742A0E2CE1009C571B /* Main.storyboard */ = {
			isa = PBXVariantGroup;
			children = (
				507B6A752A0E2CE1009C571B /* Base */,
			);
			name = Main.storyboard;
			sourceTree = "<group>";
		};
		507B6A792A0E2CE4009C571B /* LaunchScreen.storyboard */ = {
			isa = PBXVariantGroup;
			children = (
				507B6A7A2A0E2CE4009C571B /* Base */,
			);
			name = LaunchScreen.storyboard;
			sourceTree = "<group>";
		};
/* End PBXVariantGroup section */

/* Begin XCBuildConfiguration section */
		507B6A7D2A0E2CE4009C571B /* Debug */ = {
			isa = XCBuildConfiguration;
			buildSettings = {
				ALWAYS_SEARCH_USER_PATHS = NO;
				CLANG_ANALYZER_NONNULL = YES;
				CLANG_ANALYZER_NUMBER_OBJECT_CONVERSION = YES_AGGRESSIVE;
				CLANG_CXX_LANGUAGE_STANDARD = "gnu++20";
				CLANG_ENABLE_MODULES = YES;
				CLANG_ENABLE_OBJC_ARC = YES;
				CLANG_ENABLE_OBJC_WEAK = YES;
				CLANG_WARN_BLOCK_CAPTURE_AUTORELEASING = YES;
				CLANG_WARN_BOOL_CONVERSION = YES;
				CLANG_WARN_COMMA = YES;
				CLANG_WARN_CONSTANT_CONVERSION = YES;
				CLANG_WARN_DEPRECATED_OBJC_IMPLEMENTATIONS = YES;
				CLANG_WARN_DIRECT_OBJC_ISA_USAGE = YES_ERROR;
				CLANG_WARN_DOCUMENTATION_COMMENTS = YES;
				CLANG_WARN_EMPTY_BODY = YES;
				CLANG_WARN_ENUM_CONVERSION = YES;
				CLANG_WARN_INFINITE_RECURSION = YES;
				CLANG_WARN_INT_CONVERSION = YES;
				CLANG_WARN_NON_LITERAL_NULL_CONVERSION = YES;
				CLANG_WARN_OBJC_IMPLICIT_RETAIN_SELF = YES;
				CLANG_WARN_OBJC_LITERAL_CONVERSION = YES;
				CLANG_WARN_OBJC_ROOT_CLASS = YES_ERROR;
				CLANG_WARN_QUOTED_INCLUDE_IN_FRAMEWORK_HEADER = YES;
				CLANG_WARN_RANGE_LOOP_ANALYSIS = YES;
				CLANG_WARN_STRICT_PROTOTYPES = YES;
				CLANG_WARN_SUSPICIOUS_MOVE = YES;
				CLANG_WARN_UNGUARDED_AVAILABILITY = YES_AGGRESSIVE;
				CLANG_WARN_UNREACHABLE_CODE = YES;
				CLANG_WARN__DUPLICATE_METHOD_MATCH = YES;
				COPY_PHASE_STRIP = NO;
				DEBUG_INFORMATION_FORMAT = dwarf;
				ENABLE_STRICT_OBJC_MSGSEND = YES;
				ENABLE_TESTABILITY = YES;
				GCC_C_LANGUAGE_STANDARD = gnu11;
				GCC_DYNAMIC_NO_PIC = NO;
				GCC_NO_COMMON_BLOCKS = YES;
				GCC_OPTIMIZATION_LEVEL = 0;
				GCC_PREPROCESSOR_DEFINITIONS = (
					"DEBUG=1",
					"$(inherited)",
				);
				GCC_WARN_64_TO_32_BIT_CONVERSION = YES;
				GCC_WARN_ABOUT_RETURN_TYPE = YES_ERROR;
				GCC_WARN_UNDECLARED_SELECTOR = YES;
				GCC_WARN_UNINITIALIZED_AUTOS = YES_AGGRESSIVE;
				GCC_WARN_UNUSED_FUNCTION = YES;
				GCC_WARN_UNUSED_VARIABLE = YES;
				IPHONEOS_DEPLOYMENT_TARGET = 16.4;
				MTL_ENABLE_DEBUG_INFO = INCLUDE_SOURCE;
				MTL_FAST_MATH = YES;
				ONLY_ACTIVE_ARCH = YES;
				SDKROOT = iphoneos;
				SWIFT_ACTIVE_COMPILATION_CONDITIONS = DEBUG;
				SWIFT_OPTIMIZATION_LEVEL = "-Onone";
			};
			name = Debug;
		};
		507B6A7E2A0E2CE4009C571B /* Release */ = {
			isa = XCBuildConfiguration;
			buildSettings = {
				ALWAYS_SEARCH_USER_PATHS = NO;
				CLANG_ANALYZER_NONNULL = YES;
				CLANG_ANALYZER_NUMBER_OBJECT_CONVERSION = YES_AGGRESSIVE;
				CLANG_CXX_LANGUAGE_STANDARD = "gnu++20";
				CLANG_ENABLE_MODULES = YES;
				CLANG_ENABLE_OBJC_ARC = YES;
				CLANG_ENABLE_OBJC_WEAK = YES;
				CLANG_WARN_BLOCK_CAPTURE_AUTORELEASING = YES;
				CLANG_WARN_BOOL_CONVERSION = YES;
				CLANG_WARN_COMMA = YES;
				CLANG_WARN_CONSTANT_CONVERSION = YES;
				CLANG_WARN_DEPRECATED_OBJC_IMPLEMENTATIONS = YES;
				CLANG_WARN_DIRECT_OBJC_ISA_USAGE = YES_ERROR;
				CLANG_WARN_DOCUMENTATION_COMMENTS = YES;
				CLANG_WARN_EMPTY_BODY = YES;
				CLANG_WARN_ENUM_CONVERSION = YES;
				CLANG_WARN_INFINITE_RECURSION = YES;
				CLANG_WARN_INT_CONVERSION = YES;
				CLANG_WARN_NON_LITERAL_NULL_CONVERSION = YES;
				CLANG_WARN_OBJC_IMPLICIT_RETAIN_SELF = YES;
				CLANG_WARN_OBJC_LITERAL_CONVERSION = YES;
				CLANG_WARN_OBJC_ROOT_CLASS = YES_ERROR;
				CLANG_WARN_QUOTED_INCLUDE_IN_FRAMEWORK_HEADER = YES;
				CLANG_WARN_RANGE_LOOP_ANALYSIS = YES;
				CLANG_WARN_STRICT_PROTOTYPES = YES;
				CLANG_WARN_SUSPICIOUS_MOVE = YES;
				CLANG_WARN_UNGUARDED_AVAILABILITY = YES_AGGRESSIVE;
				CLANG_WARN_UNREACHABLE_CODE = YES;
				CLANG_WARN__DUPLICATE_METHOD_MATCH = YES;
				COPY_PHASE_STRIP = NO;
				DEBUG_INFORMATION_FORMAT = "dwarf-with-dsym";
				ENABLE_NS_ASSERTIONS = NO;
				ENABLE_STRICT_OBJC_MSGSEND = YES;
				GCC_C_LANGUAGE_STANDARD = gnu11;
				GCC_NO_COMMON_BLOCKS = YES;
				GCC_WARN_64_TO_32_BIT_CONVERSION = YES;
				GCC_WARN_ABOUT_RETURN_TYPE = YES_ERROR;
				GCC_WARN_UNDECLARED_SELECTOR = YES;
				GCC_WARN_UNINITIALIZED_AUTOS = YES_AGGRESSIVE;
				GCC_WARN_UNUSED_FUNCTION = YES;
				GCC_WARN_UNUSED_VARIABLE = YES;
				IPHONEOS_DEPLOYMENT_TARGET = 16.4;
				MTL_ENABLE_DEBUG_INFO = NO;
				MTL_FAST_MATH = YES;
				SDKROOT = iphoneos;
				SWIFT_COMPILATION_MODE = wholemodule;
				SWIFT_OPTIMIZATION_LEVEL = "-O";
				VALIDATE_PRODUCT = YES;
			};
			name = Release;
		};
		507B6A802A0E2CE4009C571B /* Debug */ = {
			isa = XCBuildConfiguration;
			baseConfigurationReference = FAC69F50284F6E711D0FBCBE /* Pods-CustomCells.debug.xcconfig */;
			buildSettings = {
				ASSETCATALOG_COMPILER_APPICON_NAME = AppIcon;
				ASSETCATALOG_COMPILER_GLOBAL_ACCENT_COLOR_NAME = AccentColor;
				CODE_SIGN_STYLE = Automatic;
				CURRENT_PROJECT_VERSION = 1;
				DEVELOPMENT_TEAM = WU69N4C677;
				GENERATE_INFOPLIST_FILE = YES;
				INFOPLIST_FILE = CustomCells/Info.plist;
				INFOPLIST_KEY_UIApplicationSupportsIndirectInputEvents = YES;
				INFOPLIST_KEY_UILaunchStoryboardName = LaunchScreen;
				INFOPLIST_KEY_UIMainStoryboardFile = Main;
				INFOPLIST_KEY_UISupportedInterfaceOrientations_iPad = "UIInterfaceOrientationPortrait UIInterfaceOrientationPortraitUpsideDown UIInterfaceOrientationLandscapeLeft UIInterfaceOrientationLandscapeRight";
				INFOPLIST_KEY_UISupportedInterfaceOrientations_iPhone = "UIInterfaceOrientationPortrait UIInterfaceOrientationLandscapeLeft UIInterfaceOrientationLandscapeRight";
				LD_RUNPATH_SEARCH_PATHS = (
					"$(inherited)",
					"@executable_path/Frameworks",
				);
				MARKETING_VERSION = 1.0;
				PRODUCT_BUNDLE_IDENTIFIER = com.sangesherpa.CustomCells;
				PRODUCT_NAME = "$(TARGET_NAME)";
				SWIFT_EMIT_LOC_STRINGS = YES;
				SWIFT_VERSION = 5.0;
				TARGETED_DEVICE_FAMILY = "1,2";
			};
			name = Debug;
		};
		507B6A812A0E2CE4009C571B /* Release */ = {
			isa = XCBuildConfiguration;
			baseConfigurationReference = 1B6C305D39B19CF594C54FC7 /* Pods-CustomCells.release.xcconfig */;
			buildSettings = {
				ASSETCATALOG_COMPILER_APPICON_NAME = AppIcon;
				ASSETCATALOG_COMPILER_GLOBAL_ACCENT_COLOR_NAME = AccentColor;
				CODE_SIGN_STYLE = Automatic;
				CURRENT_PROJECT_VERSION = 1;
				DEVELOPMENT_TEAM = WU69N4C677;
				GENERATE_INFOPLIST_FILE = YES;
				INFOPLIST_FILE = CustomCells/Info.plist;
				INFOPLIST_KEY_UIApplicationSupportsIndirectInputEvents = YES;
				INFOPLIST_KEY_UILaunchStoryboardName = LaunchScreen;
				INFOPLIST_KEY_UIMainStoryboardFile = Main;
				INFOPLIST_KEY_UISupportedInterfaceOrientations_iPad = "UIInterfaceOrientationPortrait UIInterfaceOrientationPortraitUpsideDown UIInterfaceOrientationLandscapeLeft UIInterfaceOrientationLandscapeRight";
				INFOPLIST_KEY_UISupportedInterfaceOrientations_iPhone = "UIInterfaceOrientationPortrait UIInterfaceOrientationLandscapeLeft UIInterfaceOrientationLandscapeRight";
				LD_RUNPATH_SEARCH_PATHS = (
					"$(inherited)",
					"@executable_path/Frameworks",
				);
				MARKETING_VERSION = 1.0;
				PRODUCT_BUNDLE_IDENTIFIER = com.sangesherpa.CustomCells;
				PRODUCT_NAME = "$(TARGET_NAME)";
				SWIFT_EMIT_LOC_STRINGS = YES;
				SWIFT_VERSION = 5.0;
				TARGETED_DEVICE_FAMILY = "1,2";
			};
			name = Release;
		};
/* End XCBuildConfiguration section */

/* Begin XCConfigurationList section */
		507B6A662A0E2CE1009C571B /* Build configuration list for PBXProject "CustomCells" */ = {
			isa = XCConfigurationList;
			buildConfigurations = (
				507B6A7D2A0E2CE4009C571B /* Debug */,
				507B6A7E2A0E2CE4009C571B /* Release */,
			);
			defaultConfigurationIsVisible = 0;
			defaultConfigurationName = Release;
		};
		507B6A7F2A0E2CE4009C571B /* Build configuration list for PBXNativeTarget "CustomCells" */ = {
			isa = XCConfigurationList;
			buildConfigurations = (
				507B6A802A0E2CE4009C571B /* Debug */,
				507B6A812A0E2CE4009C571B /* Release */,
			);
			defaultConfigurationIsVisible = 0;
			defaultConfigurationName = Release;
		};
/* End XCConfigurationList section */
	};
	rootObject = 507B6A632A0E2CE1009C571B /* Project object */;
}
